
Microsoft Visual Studio Solution File, Format Version 12.00
# Visual Studio Version 17
VisualStudioVersion = 17.1.32407.343
MinimumVisualStudioVersion = 10.0.40219.1
Project("{FAE04EC0-301F-11D3-BF4B-00C04F79EFBC}") = "DependencyInjection", "DependencyInjection\DependencyInjection.csproj", "{978198A3-261A-4E8D-B1ED-16ECFC6DD4FA}"
EndProject
Global
	GlobalSection(SolutionConfigurationPlatforms) = preSolution
		Debug|Any CPU = Debug|Any CPU
		Release|Any CPU = Release|Any CPU
	EndGlobalSection
	GlobalSection(ProjectConfigurationPlatforms) = postSolution
		{978198A3-261A-4E8D-B1ED-16ECFC6DD4FA}.Debug|Any CPU.ActiveCfg = Debug|Any CPU
		{978198A3-261A-4E8D-B1ED-16ECFC6DD4FA}.Debug|Any CPU.Build.0 = Debug|Any CPU
		{978198A3-261A-4E8D-B1ED-16ECFC6DD4FA}.Release|Any CPU.ActiveCfg = Release|Any CPU
		{978198A3-261A-4E8D-B1ED-16ECFC6DD4FA}.Release|Any CPU.Build.0 = Release|Any CPU
	EndGlobalSection
	GlobalSection(SolutionProperties) = preSolution
		HideSolutionNode = FALSE
	EndGlobalSection
	GlobalSection(ExtensibilityGlobals) = postSolution
		SolutionGuid = {8CCCC2D1-49E1-4752-A0C5-19C15F98FDEF}
	EndGlobalSection
EndGlobal
